Microsoft Visual Studio Solution File, Format Version 12.00
Project("{FAE04EC0-301F-11D3-BF4B-00C04F79EFBC}") = "rgx", "rgx\rgx.csproj", "{A8CA53E1-785E-41D5-AF42-63E854BE051E}"
EndProject
Global
	GlobalSection(SolutionConfigurationPlatforms) = preSolution
		Debug|Any CPU = Debug|Any CPU
		Release|Any CPU = Release|Any CPU
		Test|Any CPU = Test|Any CPU
	EndGlobalSection
	GlobalSection(ProjectConfigurationPlatforms) = postSolution
		{A8CA53E1-785E-41D5-AF42-63E854BE051E}.Debug|Any CPU.ActiveCfg = Debug|Any CPU
		{A8CA53E1-785E-41D5-AF42-63E854BE051E}.Debug|Any CPU.Build.0 = Debug|Any CPU
		{A8CA53E1-785E-41D5-AF42-63E854BE051E}.Release|Any CPU.ActiveCfg = Release|Any CPU
		{A8CA53E1-785E-41D5-AF42-63E854BE051E}.Release|Any CPU.Build.0 = Release|Any CPU
		{A8CA53E1-785E-41D5-AF42-63E854BE051E}.Test|Any CPU.ActiveCfg = Test|Any CPU
		{A8CA53E1-785E-41D5-AF42-63E854BE051E}.Test|Any CPU.Build.0 = Test|Any CPU
	EndGlobalSection
EndGlobal
